<?xml version="1.0" encoding="utf-8"?>
<Project ToolsVersion="4.0" xmlns="http://schemas.microsoft.com/developer/msbuild/2003">
  <ItemGroup>
    <Filter Include="Исходные файлы">
      <UniqueIdentifier>{4FC737F1-C7A5-4376-A066-2A32D752A2FF}</UniqueIdentifier>
      <Extensions>cpp;c;cc;cxx;c++;cppm;ixx;def;odl;idl;hpj;bat;asm;asmx</Extensions>
    </Filter>
    <Filter Include="Файлы заголовков">
      <UniqueIdentifier>{93995380-89BD-4b04-88EB-625FBE52EBFB}</UniqueIdentifier>
      <Extensions>h;hh;hpp;hxx;h++;hm;inl;inc;ipp;xsd</Extensions>
    </Filter>
    <Filter Include="Файлы ресурсов">
      <UniqueIdentifier>{67DA6AB6-F800-4c08-8B7A-83BB121AAD01}</UniqueIdentifier>
      <Extensions>rc;ico;cur;bmp;dlg;rc2;rct;bin;rgs;gif;jpg;jpeg;jpe;resx;tiff;tif;png;wav;mfcribbon-ms</Extensions>
    </Filter>
    <Filter Include="Исходные файлы\Graphics">
      <UniqueIdentifier>{6b301a59-30d6-44c1-898e-c536ea219aee}</UniqueIdentifier>
    </Filter>
    <Filter Include="Файлы заголовков\Graphics">
      <UniqueIdentifier>{b7459e7e-65e2-45df-b0fa-c337f1d4514c}</UniqueIdentifier>
    </Filter>
    <Filter Include="Исходные файлы\Input">
      <UniqueIdentifier>{fc09fa9f-f8e8-465f-8bbe-a8d6dde7d94e}</UniqueIdentifier>
    </Filter>
    <Filter Include="Файлы заголовков\Input">
      <UniqueIdentifier>{c4f018ba-405b-4b06-97b8-931a8ee41781}</UniqueIdentifier>
    </Filter>
    <Filter Include="Исходные файлы\Graphics\ImGui">
      <UniqueIdentifier>{fa0ac4c3-174a-4dd6-8563-9586cc0146bf}</UniqueIdentifier>
    </Filter>
    <Filter Include="Файлы заголовков\Graphics\ImGui">
      <UniqueIdentifier>{8c354346-c93a-49b6-a152-fd0b82235195}</UniqueIdentifier>
    </Filter>
    <Filter Include="Файлы заголовков\Graphics\Gizmos">
      <UniqueIdentifier>{aad6771a-3e1f-4d0b-a1af-543d28fd49d9}</UniqueIdentifier>
    </Filter>
    <Filter Include="Исходные файлы\Graphics\Gizmos">
      <UniqueIdentifier>{d97c52f7-1d71-4869-b17d-9fee4aba4284}</UniqueIdentifier>
    </Filter>
    <Filter Include="Исходные файлы\Graphics\ImGui\Source">
      <UniqueIdentifier>{011c7282-ec7c-44c0-9b6d-ae4d0cff30bc}</UniqueIdentifier>
    </Filter>
    <Filter Include="Файлы заголовков\Graphics\ImGui\Source">
      <UniqueIdentifier>{a7c43760-1a4e-419a-ab51-1eaef55cbda6}</UniqueIdentifier>
    </Filter>
    <Filter Include="Файлы заголовков\Components">
      <UniqueIdentifier>{98afb337-b3b1-41f9-94dc-f5626c1afad2}</UniqueIdentifier>
    </Filter>
    <Filter Include="Исходные файлы\Components">
      <UniqueIdentifier>{5e9d4b89-d657-4c07-844a-20ba91cdfcc3}</UniqueIdentifier>
    </Filter>
  </ItemGroup>
  <ItemGroup>
    <ClCompile Include="CGHW1.cpp">
      <Filter>Исходные файлы</Filter>
    </ClCompile>
    <ClCompile Include="Game.cpp">
      <Filter>Исходные файлы</Filter>
    </ClCompile>
    <ClCompile Include="DisplayWin32.cpp">
      <Filter>Исходные файлы</Filter>
    </ClCompile>
    <ClCompile Include="Delegates.cpp">
      <Filter>Исходные файлы</Filter>
    </ClCompile>
    <ClCompile Include="StringHelper.cpp">
      <Filter>Исходные файлы</Filter>
    </ClCompile>
    <ClCompile Include="Logs.cpp">
      <Filter>Исходные файлы</Filter>
    </ClCompile>
    <ClCompile Include="Graphics\ImGui\Source\imgui_widgets.cpp">
      <Filter>Исходные файлы\Graphics\ImGui\Source</Filter>
    </ClCompile>
    <ClCompile Include="Graphics\ImGui\Source\imgui_tables.cpp">
      <Filter>Исходные файлы\Graphics\ImGui\Source</Filter>
    </ClCompile>
    <ClCompile Include="Graphics\ImGui\Source\imgui_impl_win32.cpp">
      <Filter>Исходные файлы\Graphics\ImGui\Source</Filter>
    </ClCompile>
    <ClCompile Include="Graphics\ImGui\Source\imgui_impl_dx11.cpp">
      <Filter>Исходные файлы\Graphics\ImGui\Source</Filter>
    </ClCompile>
    <ClCompile Include="Graphics\ImGui\Source\imgui_draw.cpp">
      <Filter>Исходные файлы\Graphics\ImGui\Source</Filter>
    </ClCompile>
    <ClCompile Include="Graphics\ImGui\Source\imgui.cpp">
      <Filter>Исходные файлы\Graphics\ImGui\Source</Filter>
    </ClCompile>
    <ClCompile Include="Graphics\ImGui\ImGuiDebugWindows.cpp">
      <Filter>Исходные файлы\Graphics\ImGui</Filter>
    </ClCompile>
    <ClCompile Include="Graphics\ImGui\ImGuiManager.cpp">
      <Filter>Исходные файлы\Graphics\ImGui</Filter>
    </ClCompile>
    <ClCompile Include="Graphics\ImGui\ImGuiWindow.cpp">
      <Filter>Исходные файлы\Graphics\ImGui</Filter>
    </ClCompile>
    <ClCompile Include="Graphics\Gizmos\DebugDraw.cpp">
      <Filter>Исходные файлы\Graphics\Gizmos</Filter>
    </ClCompile>
    <ClCompile Include="Graphics\Gizmos\DebugGizmos.cpp">
      <Filter>Исходные файлы\Graphics\Gizmos</Filter>
    </ClCompile>
    <ClCompile Include="Graphics\Texture.cpp">
      <Filter>Исходные файлы\Graphics</Filter>
    </ClCompile>
    <ClCompile Include="Graphics\Shaders.cpp">
      <Filter>Исходные файлы\Graphics</Filter>
    </ClCompile>
    <ClCompile Include="Graphics\Sampler.cpp">
      <Filter>Исходные файлы\Graphics</Filter>
    </ClCompile>
    <ClCompile Include="Graphics\Material.cpp">
      <Filter>Исходные файлы\Graphics</Filter>
    </ClCompile>
    <ClCompile Include="Graphics\Graphics.cpp">
      <Filter>Исходные файлы\Graphics</Filter>
    </ClCompile>
    <ClCompile Include="Components\Camera.cpp">
      <Filter>Исходные файлы\Components</Filter>
    </ClCompile>
    <ClCompile Include="Components\CameraMoveComponent.cpp">
      <Filter>Исходные файлы\Components</Filter>
    </ClCompile>
    <ClCompile Include="Components\GameComponent.cpp">
      <Filter>Исходные файлы\Components</Filter>
    </ClCompile>
    <ClCompile Include="Components\Light.cpp">
      <Filter>Исходные файлы\Components</Filter>
    </ClCompile>
    <ClCompile Include="Components\MeshComponent.cpp">
      <Filter>Исходные файлы\Components</Filter>
    </ClCompile>
    <ClCompile Include="Components\ModelComponent.cpp">
      <Filter>Исходные файлы\Components</Filter>
    </ClCompile>
    <ClCompile Include="Components\PlaneComponent.cpp">
      <Filter>Исходные файлы\Components</Filter>
    </ClCompile>
    <ClCompile Include="Components\SphereComponent.cpp">
      <Filter>Исходные файлы\Components</Filter>
    </ClCompile>
    <ClCompile Include="Components\Text2DComponent.cpp">
      <Filter>Исходные файлы\Components</Filter>
    </ClCompile>
    <ClCompile Include="Input\InputDevice.cpp">
      <Filter>Исходные файлы\Input</Filter>
    </ClCompile>
    <ClCompile Include="Components\Collision.cpp">
      <Filter>Исходные файлы\Components</Filter>
    </ClCompile>
    <ClCompile Include="Components\Transform.cpp">
      <Filter>Исходные файлы\Components</Filter>
    </ClCompile>
    <ClCompile Include="Components\CubeComponent.cpp">
      <Filter>Исходные файлы\Components</Filter>
    </ClCompile>
    <ClCompile Include="Graphics\DepthStencil.cpp">
      <Filter>Исходные файлы\Graphics</Filter>
    </ClCompile>
    <ClCompile Include="Graphics\RenderTarget.cpp">
      <Filter>Исходные файлы\Graphics</Filter>
    </ClCompile>
    <ClCompile Include="Graphics\RenderJob.cpp">
      <Filter>Исходные файлы\Graphics</Filter>
    </ClCompile>
    <ClCompile Include="Graphics\RenderQueuePass.cpp">
      <Filter>Исходные файлы\Graphics</Filter>
    </ClCompile>
    <ClCompile Include="ResourceManager.cpp">
      <Filter>Исходные файлы</Filter>
    </ClCompile>
    <ClCompile Include="Graphics\Pass.cpp">
      <Filter>Исходные файлы\Graphics</Filter>
    </ClCompile>
    <ClCompile Include="Graphics\BindingPass.cpp">
      <Filter>Исходные файлы\Graphics</Filter>
    </ClCompile>
    <ClCompile Include="Graphics\ShadowMapPass.cpp">
      <Filter>Исходные файлы\Graphics</Filter>
    </ClCompile>
    <ClCompile Include="Graphics\CascadeShadowMapPass.cpp">
      <Filter>Исходные файлы\Graphics</Filter>
    </ClCompile>
    <ClCompile Include="Graphics\GBuffer.cpp">
      <Filter>Исходные файлы</Filter>
    </ClCompile>
    <ClCompile Include="Graphics\RenderSystem.cpp">
      <Filter>Исходные файлы\Graphics</Filter>
    </ClCompile>
    <ClCompile Include="Components\Mesh.cpp">
      <Filter>Исходные файлы\Components</Filter>
    </ClCompile>
    <ClCompile Include="Graphics\RasterizerState.cpp">
      <Filter>Исходные файлы\Graphics</Filter>
    </ClCompile>
    <ClCompile Include="Graphics\DepthStencilState.cpp">
      <Filter>Исходные файлы\Graphics</Filter>
    </ClCompile>
    <ClCompile Include="Graphics\BlendState.cpp">
      <Filter>Исходные файлы\Graphics</Filter>
    </ClCompile>
    <ClCompile Include="Components\ParticleSystem.cpp">
      <Filter>Исходные файлы\Components</Filter>
    </ClCompile>
  </ItemGroup>
  <ItemGroup>
    <ClInclude Include="Game.h">
      <Filter>Файлы заголовков</Filter>
    </ClInclude>
    <ClInclude Include="DisplayWin32.h">
      <Filter>Файлы заголовков</Filter>
    </ClInclude>
    <ClInclude Include="Delegates.h">
      <Filter>Файлы заголовков</Filter>
    </ClInclude>
    <ClInclude Include="pch.h">
      <Filter>Файлы заголовков</Filter>
    </ClInclude>
    <ClInclude Include="StringHelper.h">
      <Filter>Файлы заголовков</Filter>
    </ClInclude>
    <ClInclude Include="Logs.h">
      <Filter>Файлы заголовков</Filter>
    </ClInclude>
    <ClInclude Include="Graphics\ImGui\Source\imconfig.h">
      <Filter>Файлы заголовков\Graphics\ImGui\Source</Filter>
    </ClInclude>
    <ClInclude Include="Graphics\ImGui\Source\imgui.h">
      <Filter>Файлы заголовков\Graphics\ImGui\Source</Filter>
    </ClInclude>
    <ClInclude Include="Graphics\ImGui\Source\imgui_impl_dx11.h">
      <Filter>Файлы заголовков\Graphics\ImGui\Source</Filter>
    </ClInclude>
    <ClInclude Include="Graphics\ImGui\Source\imgui_impl_win32.h">
      <Filter>Файлы заголовков\Graphics\ImGui\Source</Filter>
    </ClInclude>
    <ClInclude Include="Graphics\ImGui\Source\imgui_internal.h">
      <Filter>Файлы заголовков\Graphics\ImGui\Source</Filter>
    </ClInclude>
    <ClInclude Include="Graphics\ImGui\Source\imstb_rectpack.h">
      <Filter>Файлы заголовков\Graphics\ImGui\Source</Filter>
    </ClInclude>
    <ClInclude Include="Graphics\ImGui\Source\imstb_textedit.h">
      <Filter>Файлы заголовков\Graphics\ImGui\Source</Filter>
    </ClInclude>
    <ClInclude Include="Graphics\ImGui\Source\imstb_truetype.h">
      <Filter>Файлы заголовков\Graphics\ImGui\Source</Filter>
    </ClInclude>
    <ClInclude Include="Graphics\ImGui\ImGuiDebugWindows.h">
      <Filter>Файлы заголовков\Graphics\ImGui</Filter>
    </ClInclude>
    <ClInclude Include="Graphics\ImGui\ImGuiManager.h">
      <Filter>Файлы заголовков\Graphics\ImGui</Filter>
    </ClInclude>
    <ClInclude Include="Graphics\ImGui\ImGuiWindow.h">
      <Filter>Файлы заголовков\Graphics\ImGui</Filter>
    </ClInclude>
    <ClInclude Include="Graphics\Gizmos\DebugDraw.h">
      <Filter>Файлы заголовков\Graphics\Gizmos</Filter>
    </ClInclude>
    <ClInclude Include="Graphics\Gizmos\DebugGizmos.h">
      <Filter>Файлы заголовков\Graphics\Gizmos</Filter>
    </ClInclude>
    <ClInclude Include="Graphics\Graphics.h">
      <Filter>Файлы заголовков\Graphics</Filter>
    </ClInclude>
    <ClInclude Include="Graphics\IndexBuffer.h">
      <Filter>Файлы заголовков\Graphics</Filter>
    </ClInclude>
    <ClInclude Include="Graphics\Material.h">
      <Filter>Файлы заголовков\Graphics</Filter>
    </ClInclude>
    <ClInclude Include="Graphics\Sampler.h">
      <Filter>Файлы заголовков\Graphics</Filter>
    </ClInclude>
    <ClInclude Include="Graphics\Shaders.h">
      <Filter>Файлы заголовков\Graphics</Filter>
    </ClInclude>
    <ClInclude Include="Graphics\Texture.h">
      <Filter>Файлы заголовков\Graphics</Filter>
    </ClInclude>
    <ClInclude Include="Graphics\Vertex.h">
      <Filter>Файлы заголовков\Graphics</Filter>
    </ClInclude>
    <ClInclude Include="Graphics\VertexBuffer.h">
      <Filter>Файлы заголовков\Graphics</Filter>
    </ClInclude>
    <ClInclude Include="Components\Camera.h">
      <Filter>Файлы заголовков\Components</Filter>
    </ClInclude>
    <ClInclude Include="Components\CameraMoveComponent.h">
      <Filter>Файлы заголовков\Components</Filter>
    </ClInclude>
    <ClInclude Include="Components\GameComponent.h">
      <Filter>Файлы заголовков\Components</Filter>
    </ClInclude>
    <ClInclude Include="Components\Light.h">
      <Filter>Файлы заголовков\Components</Filter>
    </ClInclude>
    <ClInclude Include="Components\MeshComponent.h">
      <Filter>Файлы заголовков\Components</Filter>
    </ClInclude>
    <ClInclude Include="Components\ModelComponent.h">
      <Filter>Файлы заголовков\Components</Filter>
    </ClInclude>
    <ClInclude Include="Components\PlaneComponent.h">
      <Filter>Файлы заголовков\Components</Filter>
    </ClInclude>
    <ClInclude Include="Components\SphereComponent.h">
      <Filter>Файлы заголовков\Components</Filter>
    </ClInclude>
    <ClInclude Include="Components\Text2DComponent.h">
      <Filter>Файлы заголовков\Components</Filter>
    </ClInclude>
    <ClInclude Include="Input\InputDevice.h">
      <Filter>Файлы заголовков\Input</Filter>
    </ClInclude>
    <ClInclude Include="Input\Keys.h">
      <Filter>Файлы заголовков\Input</Filter>
    </ClInclude>
    <ClInclude Include="Graphics\ConstantBuffer.h">
      <Filter>Файлы заголовков\Graphics</Filter>
    </ClInclude>
    <ClInclude Include="Graphics\Bindable.h">
      <Filter>Файлы заголовков\Graphics</Filter>
    </ClInclude>
    <ClInclude Include="Components\Collision.h">
      <Filter>Файлы заголовков\Components</Filter>
    </ClInclude>
    <ClInclude Include="Components\Transform.h">
      <Filter>Файлы заголовков\Components</Filter>
    </ClInclude>
    <ClInclude Include="Components\CubeComponent.h">
      <Filter>Файлы заголовков\Components</Filter>
    </ClInclude>
    <ClInclude Include="Graphics\DepthStencil.h">
      <Filter>Файлы заголовков\Graphics</Filter>
    </ClInclude>
    <ClInclude Include="Graphics\RenderTarget.h">
      <Filter>Файлы заголовков\Graphics</Filter>
    </ClInclude>
    <ClInclude Include="Graphics\RenderJob.h">
      <Filter>Файлы заголовков\Graphics</Filter>
    </ClInclude>
    <ClInclude Include="Graphics\RenderQueuePass.h">
      <Filter>Файлы заголовков\Graphics</Filter>
    </ClInclude>
    <ClInclude Include="ResourceManager.h">
      <Filter>Файлы заголовков</Filter>
    </ClInclude>
    <ClInclude Include="Graphics\GraphicResource.h">
      <Filter>Файлы заголовков\Graphics</Filter>
    </ClInclude>
    <ClInclude Include="Graphics\Pass.h">
      <Filter>Файлы заголовков\Graphics</Filter>
    </ClInclude>
    <ClInclude Include="Graphics\BindingPass.h">
      <Filter>Файлы заголовков\Graphics</Filter>
    </ClInclude>
    <ClInclude Include="Graphics\ShadowMapPass.h">
      <Filter>Файлы заголовков\Graphics</Filter>
    </ClInclude>
    <ClInclude Include="Graphics\CascadeShadowMapPass.h">
      <Filter>Файлы заголовков\Graphics</Filter>
    </ClInclude>
    <ClInclude Include="Graphics\GBuffer.h">
      <Filter>Файлы заголовков\Graphics</Filter>
    </ClInclude>
    <ClInclude Include="Graphics\RenderSystem.h">
      <Filter>Файлы заголовков\Graphics</Filter>
    </ClInclude>
    <ClInclude Include="Components\Mesh.h">
      <Filter>Файлы заголовков\Components</Filter>
    </ClInclude>
    <ClInclude Include="Graphics\RasterizerState.h">
      <Filter>Файлы заголовков\Graphics</Filter>
    </ClInclude>
    <ClInclude Include="Graphics\RenderSystemFlags.h">
      <Filter>Файлы заголовков\Graphics</Filter>
    </ClInclude>
    <ClInclude Include="Graphics\DepthStencilState.h">
      <Filter>Файлы заголовков\Graphics</Filter>
    </ClInclude>
    <ClInclude Include="Graphics\BlendState.h">
      <Filter>Файлы заголовков\Graphics</Filter>
    </ClInclude>
    <ClInclude Include="Components\ParticleSystem.h">
      <Filter>Файлы заголовков\Components</Filter>
    </ClInclude>
    <ClInclude Include="Graphics\StructuredBuffer.h">
      <Filter>Файлы заголовков\Graphics</Filter>
    </ClInclude>
  </ItemGroup>
  <ItemGroup>
    <None Include="packages.config" />
  </ItemGroup>
</Project>